// !$*UTF8*$!
{
	archiveVersion = 1;
	classes = {
	};
	objectVersion = 56;
	objects = {

/* Begin PBXBuildFile section */
		0AB18CCF2C84C3C400D63FE8 /* RegistrationView.swift in Sources */ = {isa = PBXBuildFile; fileRef = 0AB18CCE2C84C3C400D63FE8 /* RegistrationView.swift */; };
		0AB18CD22C84C5E100D63FE8 /* ThreadsTextFieldModifier.swift in Sources */ = {isa = PBXBuildFile; fileRef = 0AB18CD12C84C5E100D63FE8 /* ThreadsTextFieldModifier.swift */; };
		0AB18CD52C84CCCF00D63FE8 /* ThreadsTabView.swift in Sources */ = {isa = PBXBuildFile; fileRef = 0AB18CD42C84CCCF00D63FE8 /* ThreadsTabView.swift */; };
		0AB18CD92C84D2A400D63FE8 /* FeedView.swift in Sources */ = {isa = PBXBuildFile; fileRef = 0AB18CD82C84D2A400D63FE8 /* FeedView.swift */; };
		0AB18CDD2C84D2F900D63FE8 /* ExploreView.swift in Sources */ = {isa = PBXBuildFile; fileRef = 0AB18CDC2C84D2F900D63FE8 /* ExploreView.swift */; };
		0AB18CE32C84D34900D63FE8 /* ThreadsCreationView.swift in Sources */ = {isa = PBXBuildFile; fileRef = 0AB18CE22C84D34900D63FE8 /* ThreadsCreationView.swift */; };
		0AB18CE62C84D39000D63FE8 /* ActivityView.swift in Sources */ = {isa = PBXBuildFile; fileRef = 0AB18CE52C84D39000D63FE8 /* ActivityView.swift */; };
		0AB18CE92C84D3AC00D63FE8 /* ProfileView.swift in Sources */ = {isa = PBXBuildFile; fileRef = 0AB18CE82C84D3AC00D63FE8 /* ProfileView.swift */; };
		0AFF07842C84B78B008BBD7A /* ThreadsAppApp.swift in Sources */ = {isa = PBXBuildFile; fileRef = 0AFF07832C84B78B008BBD7A /* ThreadsAppApp.swift */; };
		0AFF07862C84B78B008BBD7A /* ContentView.swift in Sources */ = {isa = PBXBuildFile; fileRef = 0AFF07852C84B78B008BBD7A /* ContentView.swift */; };
		0AFF07882C84B78C008BBD7A /* Assets.xcassets in Resources */ = {isa = PBXBuildFile; fileRef = 0AFF07872C84B78C008BBD7A /* Assets.xcassets */; };
		0AFF078B2C84B78C008BBD7A /* Preview Assets.xcassets in Resources */ = {isa = PBXBuildFile; fileRef = 0AFF078A2C84B78C008BBD7A /* Preview Assets.xcassets */; };
		0AFF079C2C84B858008BBD7A /* LoginView.swift in Sources */ = {isa = PBXBuildFile; fileRef = 0AFF079B2C84B858008BBD7A /* LoginView.swift */; };
		AE5A15930A8AC666E93D3499 /* Pods_ThreadsApp.framework in Frameworks */ = {isa = PBXBuildFile; fileRef = 20E158B3E47A8472E67582B2 /* Pods_ThreadsApp.framework */; };
/* End PBXBuildFile section */

/* Begin PBXFileReference section */
		0AB18CCE2C84C3C400D63FE8 /* RegistrationView.swift */ = {isa = PBXFileReference; lastKnownFileType = sourcecode.swift; path = RegistrationView.swift; sourceTree = "<group>"; };
		0AB18CD12C84C5E100D63FE8 /* ThreadsTextFieldModifier.swift */ = {isa = PBXFileReference; lastKnownFileType = sourcecode.swift; path = ThreadsTextFieldModifier.swift; sourceTree = "<group>"; };
		0AB18CD42C84CCCF00D63FE8 /* ThreadsTabView.swift */ = {isa = PBXFileReference; lastKnownFileType = sourcecode.swift; path = ThreadsTabView.swift; sourceTree = "<group>"; };
		0AB18CD82C84D2A400D63FE8 /* FeedView.swift */ = {isa = PBXFileReference; lastKnownFileType = sourcecode.swift; path = FeedView.swift; sourceTree = "<group>"; };
		0AB18CDC2C84D2F900D63FE8 /* ExploreView.swift */ = {isa = PBXFileReference; lastKnownFileType = sourcecode.swift; path = ExploreView.swift; sourceTree = "<group>"; };
		0AB18CE22C84D34900D63FE8 /* ThreadsCreationView.swift */ = {isa = PBXFileReference; lastKnownFileType = sourcecode.swift; path = ThreadsCreationView.swift; sourceTree = "<group>"; };
		0AB18CE52C84D39000D63FE8 /* ActivityView.swift */ = {isa = PBXFileReference; lastKnownFileType = sourcecode.swift; path = ActivityView.swift; sourceTree = "<group>"; };
		0AB18CE82C84D3AC00D63FE8 /* ProfileView.swift */ = {isa = PBXFileReference; lastKnownFileType = sourcecode.swift; path = ProfileView.swift; sourceTree = "<group>"; };
		0AFF07802C84B78B008BBD7A /* ThreadsApp.app */ = {isa = PBXFileReference; explicitFileType = wrapper.application; includeInIndex = 0; path = ThreadsApp.app; sourceTree = BUILT_PRODUCTS_DIR; };
		0AFF07832C84B78B008BBD7A /* ThreadsAppApp.swift */ = {isa = PBXFileReference; lastKnownFileType = sourcecode.swift; path = ThreadsAppApp.swift; sourceTree = "<group>"; };
		0AFF07852C84B78B008BBD7A /* ContentView.swift */ = {isa = PBXFileReference; lastKnownFileType = sourcecode.swift; path = ContentView.swift; sourceTree = "<group>"; };
		0AFF07872C84B78C008BBD7A /* Assets.xcassets */ = {isa = PBXFileReference; lastKnownFileType = folder.assetcatalog; path = Assets.xcassets; sourceTree = "<group>"; };
		0AFF078A2C84B78C008BBD7A /* Preview Assets.xcassets */ = {isa = PBXFileReference; lastKnownFileType = folder.assetcatalog; path = "Preview Assets.xcassets"; sourceTree = "<group>"; };
		0AFF079B2C84B858008BBD7A /* LoginView.swift */ = {isa = PBXFileReference; lastKnownFileType = sourcecode.swift; path = LoginView.swift; sourceTree = "<group>"; };
		18D74A9ECE88CD0FD05A5E1E /* Pods-ThreadsApp.debug.xcconfig */ = {isa = PBXFileReference; includeInIndex = 1; lastKnownFileType = text.xcconfig; name = "Pods-ThreadsApp.debug.xcconfig"; path = "Target Support Files/Pods-ThreadsApp/Pods-ThreadsApp.debug.xcconfig"; sourceTree = "<group>"; };
		20E158B3E47A8472E67582B2 /* Pods_ThreadsApp.framework */ = {isa = PBXFileReference; explicitFileType = wrapper.framework; includeInIndex = 0; path = Pods_ThreadsApp.framework; sourceTree = BUILT_PRODUCTS_DIR; };
		34F3B544CB1D7FE958130428 /* Pods-ThreadsApp.release.xcconfig */ = {isa = PBXFileReference; includeInIndex = 1; lastKnownFileType = text.xcconfig; name = "Pods-ThreadsApp.release.xcconfig"; path = "Target Support Files/Pods-ThreadsApp/Pods-ThreadsApp.release.xcconfig"; sourceTree = "<group>"; };
/* End PBXFileReference section */

/* Begin PBXFrameworksBuildPhase section */
		0AFF077D2C84B78B008BBD7A /* Frameworks */ = {
			isa = PBXFrameworksBuildPhase;
			buildActionMask = 2147483647;
			files = (
				AE5A15930A8AC666E93D3499 /* Pods_ThreadsApp.framework in Frameworks */,
			);
			runOnlyForDeploymentPostprocessing = 0;
		};
/* End PBXFrameworksBuildPhase section */

/* Begin PBXGroup section */
		0AB18CD02C84C5B200D63FE8 /* ViewModifiers */ = {
			isa = PBXGroup;
			children = (
				0AB18CD12C84C5E100D63FE8 /* ThreadsTextFieldModifier.swift */,
			);
			path = ViewModifiers;
			sourceTree = "<group>";
		};
		0AB18CD32C84CCA200D63FE8 /* TabBar */ = {
			isa = PBXGroup;
			children = (
				0AB18CD42C84CCCF00D63FE8 /* ThreadsTabView.swift */,
			);
			path = TabBar;
			sourceTree = "<group>";
		};
		0AB18CD62C84D29300D63FE8 /* Feed */ = {
			isa = PBXGroup;
			children = (
				0AB18CD72C84D29800D63FE8 /* View */,
			);
			path = Feed;
			sourceTree = "<group>";
		};
		0AB18CD72C84D29800D63FE8 /* View */ = {
			isa = PBXGroup;
			children = (
				0AB18CD82C84D2A400D63FE8 /* FeedView.swift */,
			);
			path = View;
			sourceTree = "<group>";
		};
		0AB18CDA2C84D2E800D63FE8 /* Explore */ = {
			isa = PBXGroup;
			children = (
				0AB18CDB2C84D2F100D63FE8 /* View */,
			);
			path = Explore;
			sourceTree = "<group>";
		};
		0AB18CDB2C84D2F100D63FE8 /* View */ = {
			isa = PBXGroup;
			children = (
				0AB18CDC2C84D2F900D63FE8 /* ExploreView.swift */,
			);
			path = View;
			sourceTree = "<group>";
		};
		0AB18CDE2C84D30C00D63FE8 /* Activity */ = {
			isa = PBXGroup;
			children = (
				0AB18CE42C84D37F00D63FE8 /* View */,
			);
			path = Activity;
			sourceTree = "<group>";
		};
		0AB18CDF2C84D30F00D63FE8 /* Profile */ = {
			isa = PBXGroup;
			children = (
				0AB18CE72C84D39F00D63FE8 /* View */,
			);
			path = Profile;
			sourceTree = "<group>";
		};
		0AB18CE02C84D31300D63FE8 /* ThreadsCreation */ = {
			isa = PBXGroup;
			children = (
				0AB18CE12C84D33A00D63FE8 /* View */,
			);
			path = ThreadsCreation;
			sourceTree = "<group>";
		};
		0AB18CE12C84D33A00D63FE8 /* View */ = {
			isa = PBXGroup;
			children = (
				0AB18CE22C84D34900D63FE8 /* ThreadsCreationView.swift */,
			);
			path = View;
			sourceTree = "<group>";
		};
		0AB18CE42C84D37F00D63FE8 /* View */ = {
			isa = PBXGroup;
			children = (
				0AB18CE52C84D39000D63FE8 /* ActivityView.swift */,
			);
			path = View;
			sourceTree = "<group>";
		};
		0AB18CE72C84D39F00D63FE8 /* View */ = {
			isa = PBXGroup;
			children = (
				0AB18CE82C84D3AC00D63FE8 /* ProfileView.swift */,
			);
			path = View;
			sourceTree = "<group>";
		};
		0AFF07772C84B78B008BBD7A = {
			isa = PBXGroup;
			children = (
				0AFF07822C84B78B008BBD7A /* ThreadsApp */,
				0AFF07812C84B78B008BBD7A /* Products */,
				22267DF0F14BAA430E1F1102 /* Pods */,
				11D6FA7FC9AB86CB90FE302F /* Frameworks */,
			);
			sourceTree = "<group>";
		};
		0AFF07812C84B78B008BBD7A /* Products */ = {
			isa = PBXGroup;
			children = (
				0AFF07802C84B78B008BBD7A /* ThreadsApp.app */,
			);
			name = Products;
			sourceTree = "<group>";
		};
		0AFF07822C84B78B008BBD7A /* ThreadsApp */ = {
			isa = PBXGroup;
			children = (
				0AFF07962C84B7B0008BBD7A /* App */,
				0AFF07952C84B7AE008BBD7A /* Core */,
				0AFF07942C84B7AC008BBD7A /* Extensions */,
				0AFF07932C84B7A9008BBD7A /* Model */,
				0AFF07922C84B7A5008BBD7A /* Services */,
				0AFF07912C84B7A3008BBD7A /* Utils */,
				0AFF07872C84B78C008BBD7A /* Assets.xcassets */,
				0AFF07892C84B78C008BBD7A /* Preview Content */,
			);
			path = ThreadsApp;
			sourceTree = "<group>";
		};
		0AFF07892C84B78C008BBD7A /* Preview Content */ = {
			isa = PBXGroup;
			children = (
				0AFF078A2C84B78C008BBD7A /* Preview Assets.xcassets */,
			);
			path = "Preview Content";
			sourceTree = "<group>";
		};
		0AFF07912C84B7A3008BBD7A /* Utils */ = {
			isa = PBXGroup;
			children = (
				0AB18CD02C84C5B200D63FE8 /* ViewModifiers */,
			);
			path = Utils;
			sourceTree = "<group>";
		};
		0AFF07922C84B7A5008BBD7A /* Services */ = {
			isa = PBXGroup;
			children = (
			);
			path = Services;
			sourceTree = "<group>";
		};
		0AFF07932C84B7A9008BBD7A /* Model */ = {
			isa = PBXGroup;
			children = (
			);
			path = Model;
			sourceTree = "<group>";
		};
		0AFF07942C84B7AC008BBD7A /* Extensions */ = {
			isa = PBXGroup;
			children = (
			);
			path = Extensions;
			sourceTree = "<group>";
		};
		0AFF07952C84B7AE008BBD7A /* Core */ = {
			isa = PBXGroup;
			children = (
				0AB18CDE2C84D30C00D63FE8 /* Activity */,
				0AFF07982C84B7EB008BBD7A /* Authentication */,
				0AB18CDA2C84D2E800D63FE8 /* Explore */,
				0AB18CD62C84D29300D63FE8 /* Feed */,
				0AB18CDF2C84D30F00D63FE8 /* Profile */,
				0AFF07972C84B7E6008BBD7A /* Root */,
				0AB18CD32C84CCA200D63FE8 /* TabBar */,
				0AB18CE02C84D31300D63FE8 /* ThreadsCreation */,
			);
			path = Core;
			sourceTree = "<group>";
		};
		0AFF07962C84B7B0008BBD7A /* App */ = {
			isa = PBXGroup;
			children = (
				0AFF07832C84B78B008BBD7A /* ThreadsAppApp.swift */,
			);
			path = App;
			sourceTree = "<group>";
		};
		0AFF07972C84B7E6008BBD7A /* Root */ = {
			isa = PBXGroup;
			children = (
				0AFF07852C84B78B008BBD7A /* ContentView.swift */,
			);
			path = Root;
			sourceTree = "<group>";
		};
		0AFF07982C84B7EB008BBD7A /* Authentication */ = {
			isa = PBXGroup;
			children = (
				0AFF07992C84B83D008BBD7A /* View */,
				0AFF079A2C84B841008BBD7A /* ViewModel */,
			);
			path = Authentication;
			sourceTree = "<group>";
		};
		0AFF07992C84B83D008BBD7A /* View */ = {
			isa = PBXGroup;
			children = (
				0AFF079B2C84B858008BBD7A /* LoginView.swift */,
				0AB18CCE2C84C3C400D63FE8 /* RegistrationView.swift */,
			);
			path = View;
			sourceTree = "<group>";
		};
		0AFF079A2C84B841008BBD7A /* ViewModel */ = {
			isa = PBXGroup;
			children = (
			);
			path = ViewModel;
			sourceTree = "<group>";
		};
		11D6FA7FC9AB86CB90FE302F /* Frameworks */ = {
			isa = PBXGroup;
			children = (
				20E158B3E47A8472E67582B2 /* Pods_ThreadsApp.framework */,
			);
			name = Frameworks;
			sourceTree = "<group>";
		};
		22267DF0F14BAA430E1F1102 /* Pods */ = {
			isa = PBXGroup;
			children = (
				18D74A9ECE88CD0FD05A5E1E /* Pods-ThreadsApp.debug.xcconfig */,
				34F3B544CB1D7FE958130428 /* Pods-ThreadsApp.release.xcconfig */,
			);
			path = Pods;
			sourceTree = "<group>";
		};
/* End PBXGroup section */

/* Begin PBXNativeTarget section */
		0AFF077F2C84B78B008BBD7A /* ThreadsApp */ = {
			isa = PBXNativeTarget;
			buildConfigurationList = 0AFF078E2C84B78C008BBD7A /* Build configuration list for PBXNativeTarget "ThreadsApp" */;
			buildPhases = (
				6DA7DB31E9F45E4B7AAFEE48 /* [CP] Check Pods Manifest.lock */,
				0AFF077C2C84B78B008BBD7A /* Sources */,
				0AFF077D2C84B78B008BBD7A /* Frameworks */,
				0AFF077E2C84B78B008BBD7A /* Resources */,
			);
			buildRules = (
			);
			dependencies = (
			);
			name = ThreadsApp;
			productName = ThreadsApp;
			productReference = 0AFF07802C84B78B008BBD7A /* ThreadsApp.app */;
			productType = "com.apple.product-type.application";
		};
/* End PBXNativeTarget section */

/* Begin PBXProject section */
		0AFF07782C84B78B008BBD7A /* Project object */ = {
			isa = PBXProject;
			attributes = {
				BuildIndependentTargetsInParallel = 1;
				LastSwiftUpdateCheck = 1540;
				LastUpgradeCheck = 1540;
				TargetAttributes = {
					0AFF077F2C84B78B008BBD7A = {
						CreatedOnToolsVersion = 15.4;
					};
				};
			};
			buildConfigurationList = 0AFF077B2C84B78B008BBD7A /* Build configuration list for PBXProject "ThreadsApp" */;
			compatibilityVersion = "Xcode 14.0";
			developmentRegion = en;
			hasScannedForEncodings = 0;
			knownRegions = (
				en,
				Base,
			);
			mainGroup = 0AFF07772C84B78B008BBD7A;
			productRefGroup = 0AFF07812C84B78B008BBD7A /* Products */;
			projectDirPath = "";
			projectRoot = "";
			targets = (
				0AFF077F2C84B78B008BBD7A /* ThreadsApp */,
			);
		};
/* End PBXProject section */

/* Begin PBXResourcesBuildPhase section */
		0AFF077E2C84B78B008BBD7A /* Resources */ = {
			isa = PBXResourcesBuildPhase;
			buildActionMask = 2147483647;
			files = (
				0AFF078B2C84B78C008BBD7A /* Preview Assets.xcassets in Resources */,
				0AFF07882C84B78C008BBD7A /* Assets.xcassets in Resources */,
			);
			runOnlyForDeploymentPostprocessing = 0;
		};
/* End PBXResourcesBuildPhase section */

/* Begin PBXShellScriptBuildPhase section */
		6DA7DB31E9F45E4B7AAFEE48 /* [CP] Check Pods Manifest.lock */ = {
			isa = PBXShellScriptBuildPhase;
			buildActionMask = 2147483647;
			files = (
			);
			inputFileListPaths = (
			);
			inputPaths = (
				"${PODS_PODFILE_DIR_PATH}/Podfile.lock",
				"${PODS_ROOT}/Manifest.lock",
			);
			name = "[CP] Check Pods Manifest.lock";
			outputFileListPaths = (
			);
			outputPaths = (
				"$(DERIVED_FILE_DIR)/Pods-ThreadsApp-checkManifestLockResult.txt",
			);
			runOnlyForDeploymentPostprocessing = 0;
			shellPath = /bin/sh;
			shellScript = "diff \"${PODS_PODFILE_DIR_PATH}/Podfile.lock\" \"${PODS_ROOT}/Manifest.lock\" > /dev/null\nif [ $? != 0 ] ; then\n    # print error to STDERR\n    echo \"error: The sandbox is not in sync with the Podfile.lock. Run 'pod install' or update your CocoaPods installation.\" >&2\n    exit 1\nfi\n# This output is used by Xcode 'outputs' to avoid re-running this script phase.\necho \"SUCCESS\" > \"${SCRIPT_OUTPUT_FILE_0}\"\n";
			showEnvVarsInLog = 0;
		};
/* End PBXShellScriptBuildPhase section */

/* Begin PBXSourcesBuildPhase section */
		0AFF077C2C84B78B008BBD7A /* Sources */ = {
			isa = PBXSourcesBuildPhase;
			buildActionMask = 2147483647;
			files = (
				0AB18CD92C84D2A400D63FE8 /* FeedView.swift in Sources */,
				0AFF079C2C84B858008BBD7A /* LoginView.swift in Sources */,
				0AFF07862C84B78B008BBD7A /* ContentView.swift in Sources */,
				0AB18CE62C84D39000D63FE8 /* ActivityView.swift in Sources */,
				0AB18CD52C84CCCF00D63FE8 /* ThreadsTabView.swift in Sources */,
				0AB18CE32C84D34900D63FE8 /* ThreadsCreationView.swift in Sources */,
				0AB18CD22C84C5E100D63FE8 /* ThreadsTextFieldModifier.swift in Sources */,
				0AFF07842C84B78B008BBD7A /* ThreadsAppApp.swift in Sources */,
				0AB18CDD2C84D2F900D63FE8 /* ExploreView.swift in Sources */,
				0AB18CE92C84D3AC00D63FE8 /* ProfileView.swift in Sources */,
				0AB18CCF2C84C3C400D63FE8 /* RegistrationView.swift in Sources */,
			);
			runOnlyForDeploymentPostprocessing = 0;
		};
/* End PBXSourcesBuildPhase section */

/* Begin XCBuildConfiguration section */
		0AFF078C2C84B78C008BBD7A /* Debug */ = {
			isa = XCBuildConfiguration;
			buildSettings = {
				ALWAYS_SEARCH_USER_PATHS = NO;
				ASSETCATALOG_COMPILER_GENERATE_SWIFT_ASSET_SYMBOL_EXTENSIONS = YES;
				CLANG_ANALYZER_NONNULL = YES;
				CLANG_ANALYZER_NUMBER_OBJECT_CONVERSION = YES_AGGRESSIVE;
				CLANG_CXX_LANGUAGE_STANDARD = "gnu++20";
				CLANG_ENABLE_MODULES = YES;
				CLANG_ENABLE_OBJC_ARC = YES;
				CLANG_ENABLE_OBJC_WEAK = YES;
				CLANG_WARN_BLOCK_CAPTURE_AUTORELEASING = YES;
				CLANG_WARN_BOOL_CONVERSION = YES;
				CLANG_WARN_COMMA = YES;
				CLANG_WARN_CONSTANT_CONVERSION = YES;
				CLANG_WARN_DEPRECATED_OBJC_IMPLEMENTATIONS = YES;
				CLANG_WARN_DIRECT_OBJC_ISA_USAGE = YES_ERROR;
				CLANG_WARN_DOCUMENTATION_COMMENTS = YES;
				CLANG_WARN_EMPTY_BODY = YES;
				CLANG_WARN_ENUM_CONVERSION = YES;
				CLANG_WARN_INFINITE_RECURSION = YES;
				CLANG_WARN_INT_CONVERSION = YES;
				CLANG_WARN_NON_LITERAL_NULL_CONVERSION = YES;
				CLANG_WARN_OBJC_IMPLICIT_RETAIN_SELF = YES;
				CLANG_WARN_OBJC_LITERAL_CONVERSION = YES;
				CLANG_WARN_OBJC_ROOT_CLASS = YES_ERROR;
				CLANG_WARN_QUOTED_INCLUDE_IN_FRAMEWORK_HEADER = YES;
				CLANG_WARN_RANGE_LOOP_ANALYSIS = YES;
				CLANG_WARN_STRICT_PROTOTYPES = YES;
				CLANG_WARN_SUSPICIOUS_MOVE = YES;
				CLANG_WARN_UNGUARDED_AVAILABILITY = YES_AGGRESSIVE;
				CLANG_WARN_UNREACHABLE_CODE = YES;
				CLANG_WARN__DUPLICATE_METHOD_MATCH = YES;
				COPY_PHASE_STRIP = NO;
				DEBUG_INFORMATION_FORMAT = dwarf;
				ENABLE_STRICT_OBJC_MSGSEND = YES;
				ENABLE_TESTABILITY = YES;
				ENABLE_USER_SCRIPT_SANDBOXING = YES;
				GCC_C_LANGUAGE_STANDARD = gnu17;
				GCC_DYNAMIC_NO_PIC = NO;
				GCC_NO_COMMON_BLOCKS = YES;
				GCC_OPTIMIZATION_LEVEL = 0;
				GCC_PREPROCESSOR_DEFINITIONS = (
					"DEBUG=1",
					"$(inherited)",
				);
				GCC_WARN_64_TO_32_BIT_CONVERSION = YES;
				GCC_WARN_ABOUT_RETURN_TYPE = YES_ERROR;
				GCC_WARN_UNDECLARED_SELECTOR = YES;
				GCC_WARN_UNINITIALIZED_AUTOS = YES_AGGRESSIVE;
				GCC_WARN_UNUSED_FUNCTION = YES;
				GCC_WARN_UNUSED_VARIABLE = YES;
				IPHONEOS_DEPLOYMENT_TARGET = 17.5;
				LOCALIZATION_PREFERS_STRING_CATALOGS = YES;
				MTL_ENABLE_DEBUG_INFO = INCLUDE_SOURCE;
				MTL_FAST_MATH = YES;
				ONLY_ACTIVE_ARCH = YES;
				SDKROOT = iphoneos;
				SWIFT_ACTIVE_COMPILATION_CONDITIONS = "DEBUG $(inherited)";
				SWIFT_OPTIMIZATION_LEVEL = "-Onone";
			};
			name = Debug;
		};
		0AFF078D2C84B78C008BBD7A /* Release */ = {
			isa = XCBuildConfiguration;
			buildSettings = {
				ALWAYS_SEARCH_USER_PATHS = NO;
				ASSETCATALOG_COMPILER_GENERATE_SWIFT_ASSET_SYMBOL_EXTENSIONS = YES;
				CLANG_ANALYZER_NONNULL = YES;
				CLANG_ANALYZER_NUMBER_OBJECT_CONVERSION = YES_AGGRESSIVE;
				CLANG_CXX_LANGUAGE_STANDARD = "gnu++20";
				CLANG_ENABLE_MODULES = YES;
				CLANG_ENABLE_OBJC_ARC = YES;
				CLANG_ENABLE_OBJC_WEAK = YES;
				CLANG_WARN_BLOCK_CAPTURE_AUTORELEASING = YES;
				CLANG_WARN_BOOL_CONVERSION = YES;
				CLANG_WARN_COMMA = YES;
				CLANG_WARN_CONSTANT_CONVERSION = YES;
				CLANG_WARN_DEPRECATED_OBJC_IMPLEMENTATIONS = YES;
				CLANG_WARN_DIRECT_OBJC_ISA_USAGE = YES_ERROR;
				CLANG_WARN_DOCUMENTATION_COMMENTS = YES;
				CLANG_WARN_EMPTY_BODY = YES;
				CLANG_WARN_ENUM_CONVERSION = YES;
				CLANG_WARN_INFINITE_RECURSION = YES;
				CLANG_WARN_INT_CONVERSION = YES;
				CLANG_WARN_NON_LITERAL_NULL_CONVERSION = YES;
				CLANG_WARN_OBJC_IMPLICIT_RETAIN_SELF = YES;
				CLANG_WARN_OBJC_LITERAL_CONVERSION = YES;
				CLANG_WARN_OBJC_ROOT_CLASS = YES_ERROR;
				CLANG_WARN_QUOTED_INCLUDE_IN_FRAMEWORK_HEADER = YES;
				CLANG_WARN_RANGE_LOOP_ANALYSIS = YES;
				CLANG_WARN_STRICT_PROTOTYPES = YES;
				CLANG_WARN_SUSPICIOUS_MOVE = YES;
				CLANG_WARN_UNGUARDED_AVAILABILITY = YES_AGGRESSIVE;
				CLANG_WARN_UNREACHABLE_CODE = YES;
				CLANG_WARN__DUPLICATE_METHOD_MATCH = YES;
				COPY_PHASE_STRIP = NO;
				DEBUG_INFORMATION_FORMAT = "dwarf-with-dsym";
				ENABLE_NS_ASSERTIONS = NO;
				ENABLE_STRICT_OBJC_MSGSEND = YES;
				ENABLE_USER_SCRIPT_SANDBOXING = YES;
				GCC_C_LANGUAGE_STANDARD = gnu17;
				GCC_NO_COMMON_BLOCKS = YES;
				GCC_WARN_64_TO_32_BIT_CONVERSION = YES;
				GCC_WARN_ABOUT_RETURN_TYPE = YES_ERROR;
				GCC_WARN_UNDECLARED_SELECTOR = YES;
				GCC_WARN_UNINITIALIZED_AUTOS = YES_AGGRESSIVE;
				GCC_WARN_UNUSED_FUNCTION = YES;
				GCC_WARN_UNUSED_VARIABLE = YES;
				IPHONEOS_DEPLOYMENT_TARGET = 17.5;
				LOCALIZATION_PREFERS_STRING_CATALOGS = YES;
				MTL_ENABLE_DEBUG_INFO = NO;
				MTL_FAST_MATH = YES;
				SDKROOT = iphoneos;
				SWIFT_COMPILATION_MODE = wholemodule;
				VALIDATE_PRODUCT = YES;
			};
			name = Release;
		};
		0AFF078F2C84B78C008BBD7A /* Debug */ = {
			isa = XCBuildConfiguration;
			baseConfigurationReference = 18D74A9ECE88CD0FD05A5E1E /* Pods-ThreadsApp.debug.xcconfig */;
			buildSettings = {
				ASSETCATALOG_COMPILER_APPICON_NAME = AppIcon;
				ASSETCATALOG_COMPILER_GLOBAL_ACCENT_COLOR_NAME = AccentColor;
				CODE_SIGN_STYLE = Automatic;
				CURRENT_PROJECT_VERSION = 1;
				DEVELOPMENT_ASSET_PATHS = "\"ThreadsApp/Preview Content\"";
				ENABLE_PREVIEWS = YES;
				GENERATE_INFOPLIST_FILE = YES;
				INFOPLIST_KEY_UIApplicationSceneManifest_Generation = YES;
				INFOPLIST_KEY_UIApplicationSupportsIndirectInputEvents = YES;
				INFOPLIST_KEY_UILaunchScreen_Generation = YES;
				INFOPLIST_KEY_UISupportedInterfaceOrientations_iPad = "UIInterfaceOrientationPortrait UIInterfaceOrientationPortraitUpsideDown UIInterfaceOrientationLandscapeLeft UIInterfaceOrientationLandscapeRight";
				INFOPLIST_KEY_UISupportedInterfaceOrientations_iPhone = "UIInterfaceOrientationPortrait UIInterfaceOrientationLandscapeLeft UIInterfaceOrientationLandscapeRight";
				LD_RUNPATH_SEARCH_PATHS = (
					"$(inherited)",
					"@executable_path/Frameworks",
				);
				MARKETING_VERSION = 1.0;
				PRODUCT_BUNDLE_IDENTIFIER = BMS.ThreadsApp;
				PRODUCT_NAME = "$(TARGET_NAME)";
				SWIFT_EMIT_LOC_STRINGS = YES;
				SWIFT_VERSION = 5.0;
				TARGETED_DEVICE_FAMILY = "1,2";
			};
			name = Debug;
		};
		0AFF07902C84B78C008BBD7A /* Release */ = {
			isa = XCBuildConfiguration;
			baseConfigurationReference = 34F3B544CB1D7FE958130428 /* Pods-ThreadsApp.release.xcconfig */;
			buildSettings = {
				ASSETCATALOG_COMPILER_APPICON_NAME = AppIcon;
				ASSETCATALOG_COMPILER_GLOBAL_ACCENT_COLOR_NAME = AccentColor;
				CODE_SIGN_STYLE = Automatic;
				CURRENT_PROJECT_VERSION = 1;
				DEVELOPMENT_ASSET_PATHS = "\"ThreadsApp/Preview Content\"";
				ENABLE_PREVIEWS = YES;
				GENERATE_INFOPLIST_FILE = YES;
				INFOPLIST_KEY_UIApplicationSceneManifest_Generation = YES;
				INFOPLIST_KEY_UIApplicationSupportsIndirectInputEvents = YES;
				INFOPLIST_KEY_UILaunchScreen_Generation = YES;
				INFOPLIST_KEY_UISupportedInterfaceOrientations_iPad = "UIInterfaceOrientationPortrait UIInterfaceOrientationPortraitUpsideDown UIInterfaceOrientationLandscapeLeft UIInterfaceOrientationLandscapeRight";
				INFOPLIST_KEY_UISupportedInterfaceOrientations_iPhone = "UIInterfaceOrientationPortrait UIInterfaceOrientationLandscapeLeft UIInterfaceOrientationLandscapeRight";
				LD_RUNPATH_SEARCH_PATHS = (
					"$(inherited)",
					"@executable_path/Frameworks",
				);
				MARKETING_VERSION = 1.0;
				PRODUCT_BUNDLE_IDENTIFIER = BMS.ThreadsApp;
				PRODUCT_NAME = "$(TARGET_NAME)";
				SWIFT_EMIT_LOC_STRINGS = YES;
				SWIFT_VERSION = 5.0;
				TARGETED_DEVICE_FAMILY = "1,2";
			};
			name = Release;
		};
/* End XCBuildConfiguration section */

/* Begin XCConfigurationList section */
		0AFF077B2C84B78B008BBD7A /* Build configuration list for PBXProject "ThreadsApp" */ = {
			isa = XCConfigurationList;
			buildConfigurations = (
				0AFF078C2C84B78C008BBD7A /* Debug */,
				0AFF078D2C84B78C008BBD7A /* Release */,
			);
			defaultConfigurationIsVisible = 0;
			defaultConfigurationName = Release;
		};
		0AFF078E2C84B78C008BBD7A /* Build configuration list for PBXNativeTarget "ThreadsApp" */ = {
			isa = XCConfigurationList;
			buildConfigurations = (
				0AFF078F2C84B78C008BBD7A /* Debug */,
				0AFF07902C84B78C008BBD7A /* Release */,
			);
			defaultConfigurationIsVisible = 0;
			defaultConfigurationName = Release;
		};
/* End XCConfigurationList section */
	};
	rootObject = 0AFF07782C84B78B008BBD7A /* Project object */;
}
